// !$*UTF8*$!
{
	archiveVersion = 1;
	classes = {
	};
	objectVersion = 51;
	objects = {

/* Begin PBXBuildFile section */
		1874F5AA2A91FC97831E3DE5 /* Pods_ForestCloneTests.framework in Frameworks */ = {isa = PBXBuildFile; fileRef = B03DAC2CBEC4C89EE6B79677 /* Pods_ForestCloneTests.framework */; };
		2D049D2724A404B200E8F1B8 /* GoogleService-Info.plist in Resources */ = {isa = PBXBuildFile; fileRef = 2D049D2624A404B100E8F1B8 /* GoogleService-Info.plist */; };
		2D049D2A24A40B9300E8F1B8 /* FirebaseFocusSessionStorage.swift in Sources */ = {isa = PBXBuildFile; fileRef = 2D049D2924A40B9300E8F1B8 /* FirebaseFocusSessionStorage.swift */; };
		2D049D2D24A4F62000E8F1B8 /* NetworkingRequestable.swift in Sources */ = {isa = PBXBuildFile; fileRef = 2D049D2C24A4F62000E8F1B8 /* NetworkingRequestable.swift */; };
		2D049D2F24A4F7FC00E8F1B8 /* GenericFirebaseStorage.swift in Sources */ = {isa = PBXBuildFile; fileRef = 2D049D2E24A4F7FC00E8F1B8 /* GenericFirebaseStorage.swift */; };
		2D22205824A65C6C0069100C /* ChartView.swift in Sources */ = {isa = PBXBuildFile; fileRef = 2D22205724A65C6C0069100C /* ChartView.swift */; };
		2D22205B24A65D0C0069100C /* PieChartView.swift in Sources */ = {isa = PBXBuildFile; fileRef = 2D22205A24A65D0C0069100C /* PieChartView.swift */; };
		2D22205D24A65E3F0069100C /* ForestViewController.swift in Sources */ = {isa = PBXBuildFile; fileRef = 2D22205C24A65E3F0069100C /* ForestViewController.swift */; };
		2D22206024A67F960069100C /* BalloonMarker.swift in Sources */ = {isa = PBXBuildFile; fileRef = 2D22205F24A67F960069100C /* BalloonMarker.swift */; };
		2D22206224A681E40069100C /* XYMarkerView.swift in Sources */ = {isa = PBXBuildFile; fileRef = 2D22206124A681E40069100C /* XYMarkerView.swift */; };
		2D22206624A6896F0069100C /* BarChartCell.swift in Sources */ = {isa = PBXBuildFile; fileRef = 2D22206524A6896F0069100C /* BarChartCell.swift */; };
		2D2261D6249B6D5500DCDB5D /* AppDelegate.swift in Sources */ = {isa = PBXBuildFile; fileRef = 2D2261D5249B6D5500DCDB5D /* AppDelegate.swift */; };
		2D2261D8249B6D5500DCDB5D /* SceneDelegate.swift in Sources */ = {isa = PBXBuildFile; fileRef = 2D2261D7249B6D5500DCDB5D /* SceneDelegate.swift */; };
		2D2261DA249B6D5500DCDB5D /* HomeViewController.swift in Sources */ = {isa = PBXBuildFile; fileRef = 2D2261D9249B6D5500DCDB5D /* HomeViewController.swift */; };
		2D2261DD249B6D5500DCDB5D /* Main.storyboard in Resources */ = {isa = PBXBuildFile; fileRef = 2D2261DB249B6D5500DCDB5D /* Main.storyboard */; };
		2D2261DF249B6D5A00DCDB5D /* Assets.xcassets in Resources */ = {isa = PBXBuildFile; fileRef = 2D2261DE249B6D5A00DCDB5D /* Assets.xcassets */; };
		2D2261E2249B6D5A00DCDB5D /* LaunchScreen.storyboard in Resources */ = {isa = PBXBuildFile; fileRef = 2D2261E0249B6D5A00DCDB5D /* LaunchScreen.storyboard */; };
		2D2261ED249B6D5A00DCDB5D /* ForestCloneTests.swift in Sources */ = {isa = PBXBuildFile; fileRef = 2D2261EC249B6D5A00DCDB5D /* ForestCloneTests.swift */; };
		2D38CF7F24A0E02300737F79 /* ViewController.swift in Sources */ = {isa = PBXBuildFile; fileRef = 2D38CF7E24A0E02300737F79 /* ViewController.swift */; };
		2D3DD329249B9E3200383F23 /* FocusSession.swift in Sources */ = {isa = PBXBuildFile; fileRef = 2D3DD328249B9E3200383F23 /* FocusSession.swift */; };
		2D3DD32B249B9E6B00383F23 /* Phrases.swift in Sources */ = {isa = PBXBuildFile; fileRef = 2D3DD32A249B9E6B00383F23 /* Phrases.swift */; };
		2D3DD32D249BBA3800383F23 /* User.swift in Sources */ = {isa = PBXBuildFile; fileRef = 2D3DD32C249BBA3800383F23 /* User.swift */; };
		2D3DD32F249BBA4F00383F23 /* Coin.swift in Sources */ = {isa = PBXBuildFile; fileRef = 2D3DD32E249BBA4F00383F23 /* Coin.swift */; };
		2D3DD331249BBBE600383F23 /* ColorScheme.swift in Sources */ = {isa = PBXBuildFile; fileRef = 2D3DD330249BBBE600383F23 /* ColorScheme.swift */; };
		2D3DD333249BC27200383F23 /* NotificationScheduler.swift in Sources */ = {isa = PBXBuildFile; fileRef = 2D3DD332249BC27200383F23 /* NotificationScheduler.swift */; };
		2D3DD335249BC91600383F23 /* RoundedView.swift in Sources */ = {isa = PBXBuildFile; fileRef = 2D3DD334249BC91600383F23 /* RoundedView.swift */; };
		2D3DD339249BD03D00383F23 /* AchievementsTableViewController.swift in Sources */ = {isa = PBXBuildFile; fileRef = 2D3DD338249BD03D00383F23 /* AchievementsTableViewController.swift */; };
		2D3DD33B249BD0C900383F23 /* Achievements.swift in Sources */ = {isa = PBXBuildFile; fileRef = 2D3DD33A249BD0C900383F23 /* Achievements.swift */; };
		2D3DD33D249BD29500383F23 /* achievements.json in Resources */ = {isa = PBXBuildFile; fileRef = 2D3DD33C249BD29500383F23 /* achievements.json */; };
		2D3DD33F249BD5C600383F23 /* AchievementTableViewCell.swift in Sources */ = {isa = PBXBuildFile; fileRef = 2D3DD33E249BD5C600383F23 /* AchievementTableViewCell.swift */; };
		2D91B368249C0C7800215756 /* MenuTableViewController.swift in Sources */ = {isa = PBXBuildFile; fileRef = 2D91B367249C0C7800215756 /* MenuTableViewController.swift */; };
		2D91B36A249C0D1500215756 /* MenuItem.swift in Sources */ = {isa = PBXBuildFile; fileRef = 2D91B369249C0D1500215756 /* MenuItem.swift */; };
		2D91B36C249C0EE200215756 /* MenuCellTableViewCell.swift in Sources */ = {isa = PBXBuildFile; fileRef = 2D91B36B249C0EE200215756 /* MenuCellTableViewCell.swift */; };
		2D91B36E249CCC7200215756 /* ForestAlert.swift in Sources */ = {isa = PBXBuildFile; fileRef = 2D91B36D249CCC7200215756 /* ForestAlert.swift */; };
		2D91B370249CCE9F00215756 /* TreeSpecimen.swift in Sources */ = {isa = PBXBuildFile; fileRef = 2D91B36F249CCE9F00215756 /* TreeSpecimen.swift */; };
		2D91B372249CD56600215756 /* treeSpecies.json in Resources */ = {isa = PBXBuildFile; fileRef = 2D91B371249CD56600215756 /* treeSpecies.json */; };
		2DBC883224A625BD00D8DE12 /* AppSession.swift in Sources */ = {isa = PBXBuildFile; fileRef = 2DBC883124A625BD00D8DE12 /* AppSession.swift */; };
		2DBC883424A6388F00D8DE12 /* TreeSpecimentManager.swift in Sources */ = {isa = PBXBuildFile; fileRef = 2DBC883324A6388F00D8DE12 /* TreeSpecimentManager.swift */; };
		2DBC883824A63D5D00D8DE12 /* Home+Extension+Slider.swift in Sources */ = {isa = PBXBuildFile; fileRef = 2DBC883724A63D5D00D8DE12 /* Home+Extension+Slider.swift */; };
		2DBC883A24A63E5E00D8DE12 /* Home+Extension+Database.swift in Sources */ = {isa = PBXBuildFile; fileRef = 2DBC883924A63E5E00D8DE12 /* Home+Extension+Database.swift */; };
		50667A3D345E62B16C36C7B2 /* Pods_ForestClone.framework in Frameworks */ = {isa = PBXBuildFile; fileRef = E79CEFB2D34116831DB2A2D5 /* Pods_ForestClone.framework */; };
/* End PBXBuildFile section */

/* Begin PBXContainerItemProxy section */
		2D2261E9249B6D5A00DCDB5D /* PBXContainerItemProxy */ = {
			isa = PBXContainerItemProxy;
			containerPortal = 2D2261CA249B6D5500DCDB5D /* Project object */;
			proxyType = 1;
			remoteGlobalIDString = 2D2261D1249B6D5500DCDB5D;
			remoteInfo = ForestClone;
		};
/* End PBXContainerItemProxy section */

/* Begin PBXFileReference section */
		2D049D2624A404B100E8F1B8 /* GoogleService-Info.plist */ = {isa = PBXFileReference; fileEncoding = 4; lastKnownFileType = text.plist.xml; path = "GoogleService-Info.plist"; sourceTree = "<group>"; };
		2D049D2924A40B9300E8F1B8 /* FirebaseFocusSessionStorage.swift */ = {isa = PBXFileReference; lastKnownFileType = sourcecode.swift; path = FirebaseFocusSessionStorage.swift; sourceTree = "<group>"; };
		2D049D2C24A4F62000E8F1B8 /* NetworkingRequestable.swift */ = {isa = PBXFileReference; lastKnownFileType = sourcecode.swift; path = NetworkingRequestable.swift; sourceTree = "<group>"; };
		2D049D2E24A4F7FC00E8F1B8 /* GenericFirebaseStorage.swift */ = {isa = PBXFileReference; lastKnownFileType = sourcecode.swift; path = GenericFirebaseStorage.swift; sourceTree = "<group>"; };
		2D22205724A65C6C0069100C /* ChartView.swift */ = {isa = PBXFileReference; lastKnownFileType = sourcecode.swift; path = ChartView.swift; sourceTree = "<group>"; };
		2D22205A24A65D0C0069100C /* PieChartView.swift */ = {isa = PBXFileReference; lastKnownFileType = sourcecode.swift; path = PieChartView.swift; sourceTree = "<group>"; };
		2D22205C24A65E3F0069100C /* ForestViewController.swift */ = {isa = PBXFileReference; lastKnownFileType = sourcecode.swift; path = ForestViewController.swift; sourceTree = "<group>"; };
		2D22205F24A67F960069100C /* BalloonMarker.swift */ = {isa = PBXFileReference; lastKnownFileType = sourcecode.swift; path = BalloonMarker.swift; sourceTree = "<group>"; };
		2D22206124A681E40069100C /* XYMarkerView.swift */ = {isa = PBXFileReference; lastKnownFileType = sourcecode.swift; path = XYMarkerView.swift; sourceTree = "<group>"; };
		2D22206524A6896F0069100C /* BarChartCell.swift */ = {isa = PBXFileReference; lastKnownFileType = sourcecode.swift; path = BarChartCell.swift; sourceTree = "<group>"; };
		2D2261D2249B6D5500DCDB5D /* ForestClone.app */ = {isa = PBXFileReference; explicitFileType = wrapper.application; includeInIndex = 0; path = ForestClone.app; sourceTree = BUILT_PRODUCTS_DIR; };
		2D2261D5249B6D5500DCDB5D /* AppDelegate.swift */ = {isa = PBXFileReference; lastKnownFileType = sourcecode.swift; path = AppDelegate.swift; sourceTree = "<group>"; };
		2D2261D7249B6D5500DCDB5D /* SceneDelegate.swift */ = {isa = PBXFileReference; lastKnownFileType = sourcecode.swift; path = SceneDelegate.swift; sourceTree = "<group>"; };
		2D2261D9249B6D5500DCDB5D /* HomeViewController.swift */ = {isa = PBXFileReference; lastKnownFileType = sourcecode.swift; path = HomeViewController.swift; sourceTree = "<group>"; };
		2D2261DC249B6D5500DCDB5D /* Base */ = {isa = PBXFileReference; lastKnownFileType = file.storyboard; name = Base; path = Base.lproj/Main.storyboard; sourceTree = "<group>"; };
		2D2261DE249B6D5A00DCDB5D /* Assets.xcassets */ = {isa = PBXFileReference; lastKnownFileType = folder.assetcatalog; path = Assets.xcassets; sourceTree = "<group>"; };
		2D2261E1249B6D5A00DCDB5D /* Base */ = {isa = PBXFileReference; lastKnownFileType = file.storyboard; name = Base; path = Base.lproj/LaunchScreen.storyboard; sourceTree = "<group>"; };
		2D2261E3249B6D5A00DCDB5D /* Info.plist */ = {isa = PBXFileReference; lastKnownFileType = text.plist.xml; path = Info.plist; sourceTree = "<group>"; };
		2D2261E8249B6D5A00DCDB5D /* ForestCloneTests.xctest */ = {isa = PBXFileReference; explicitFileType = wrapper.cfbundle; includeInIndex = 0; path = ForestCloneTests.xctest; sourceTree = BUILT_PRODUCTS_DIR; };
		2D2261EC249B6D5A00DCDB5D /* ForestCloneTests.swift */ = {isa = PBXFileReference; lastKnownFileType = sourcecode.swift; path = ForestCloneTests.swift; sourceTree = "<group>"; };
		2D2261EE249B6D5A00DCDB5D /* Info.plist */ = {isa = PBXFileReference; lastKnownFileType = text.plist.xml; path = Info.plist; sourceTree = "<group>"; };
		2D38CF7E24A0E02300737F79 /* ViewController.swift */ = {isa = PBXFileReference; lastKnownFileType = sourcecode.swift; path = ViewController.swift; sourceTree = "<group>"; };
		2D3DD328249B9E3200383F23 /* FocusSession.swift */ = {isa = PBXFileReference; lastKnownFileType = sourcecode.swift; path = FocusSession.swift; sourceTree = "<group>"; };
		2D3DD32A249B9E6B00383F23 /* Phrases.swift */ = {isa = PBXFileReference; lastKnownFileType = sourcecode.swift; path = Phrases.swift; sourceTree = "<group>"; };
		2D3DD32C249BBA3800383F23 /* User.swift */ = {isa = PBXFileReference; lastKnownFileType = sourcecode.swift; path = User.swift; sourceTree = "<group>"; };
		2D3DD32E249BBA4F00383F23 /* Coin.swift */ = {isa = PBXFileReference; lastKnownFileType = sourcecode.swift; path = Coin.swift; sourceTree = "<group>"; };
		2D3DD330249BBBE600383F23 /* ColorScheme.swift */ = {isa = PBXFileReference; lastKnownFileType = sourcecode.swift; path = ColorScheme.swift; sourceTree = "<group>"; };
		2D3DD332249BC27200383F23 /* NotificationScheduler.swift */ = {isa = PBXFileReference; lastKnownFileType = sourcecode.swift; path = NotificationScheduler.swift; sourceTree = "<group>"; };
		2D3DD334249BC91600383F23 /* RoundedView.swift */ = {isa = PBXFileReference; lastKnownFileType = sourcecode.swift; path = RoundedView.swift; sourceTree = "<group>"; };
		2D3DD338249BD03D00383F23 /* AchievementsTableViewController.swift */ = {isa = PBXFileReference; lastKnownFileType = sourcecode.swift; path = AchievementsTableViewController.swift; sourceTree = "<group>"; };
		2D3DD33A249BD0C900383F23 /* Achievements.swift */ = {isa = PBXFileReference; lastKnownFileType = sourcecode.swift; path = Achievements.swift; sourceTree = "<group>"; };
		2D3DD33C249BD29500383F23 /* achievements.json */ = {isa = PBXFileReference; lastKnownFileType = text.json; path = achievements.json; sourceTree = "<group>"; };
		2D3DD33E249BD5C600383F23 /* AchievementTableViewCell.swift */ = {isa = PBXFileReference; lastKnownFileType = sourcecode.swift; path = AchievementTableViewCell.swift; sourceTree = "<group>"; };
		2D91B367249C0C7800215756 /* MenuTableViewController.swift */ = {isa = PBXFileReference; lastKnownFileType = sourcecode.swift; path = MenuTableViewController.swift; sourceTree = "<group>"; };
		2D91B369249C0D1500215756 /* MenuItem.swift */ = {isa = PBXFileReference; lastKnownFileType = sourcecode.swift; path = MenuItem.swift; sourceTree = "<group>"; };
		2D91B36B249C0EE200215756 /* MenuCellTableViewCell.swift */ = {isa = PBXFileReference; lastKnownFileType = sourcecode.swift; path = MenuCellTableViewCell.swift; sourceTree = "<group>"; };
		2D91B36D249CCC7200215756 /* ForestAlert.swift */ = {isa = PBXFileReference; lastKnownFileType = sourcecode.swift; path = ForestAlert.swift; sourceTree = "<group>"; };
		2D91B36F249CCE9F00215756 /* TreeSpecimen.swift */ = {isa = PBXFileReference; lastKnownFileType = sourcecode.swift; path = TreeSpecimen.swift; sourceTree = "<group>"; };
		2D91B371249CD56600215756 /* treeSpecies.json */ = {isa = PBXFileReference; lastKnownFileType = text.json; path = treeSpecies.json; sourceTree = "<group>"; };
		2DBC883124A625BD00D8DE12 /* AppSession.swift */ = {isa = PBXFileReference; lastKnownFileType = sourcecode.swift; path = AppSession.swift; sourceTree = "<group>"; };
		2DBC883324A6388F00D8DE12 /* TreeSpecimentManager.swift */ = {isa = PBXFileReference; lastKnownFileType = sourcecode.swift; path = TreeSpecimentManager.swift; sourceTree = "<group>"; };
		2DBC883724A63D5D00D8DE12 /* Home+Extension+Slider.swift */ = {isa = PBXFileReference; lastKnownFileType = sourcecode.swift; path = "Home+Extension+Slider.swift"; sourceTree = "<group>"; };
		2DBC883924A63E5E00D8DE12 /* Home+Extension+Database.swift */ = {isa = PBXFileReference; lastKnownFileType = sourcecode.swift; path = "Home+Extension+Database.swift"; sourceTree = "<group>"; };
		314E19A91BADC8A6D9B9FC92 /* Pods-ForestClone.release.xcconfig */ = {isa = PBXFileReference; includeInIndex = 1; lastKnownFileType = text.xcconfig; name = "Pods-ForestClone.release.xcconfig"; path = "Target Support Files/Pods-ForestClone/Pods-ForestClone.release.xcconfig"; sourceTree = "<group>"; };
		A3DA34ED50EAC465CAB8CB1F /* Pods-ForestClone.debug.xcconfig */ = {isa = PBXFileReference; includeInIndex = 1; lastKnownFileType = text.xcconfig; name = "Pods-ForestClone.debug.xcconfig"; path = "Target Support Files/Pods-ForestClone/Pods-ForestClone.debug.xcconfig"; sourceTree = "<group>"; };
		B03DAC2CBEC4C89EE6B79677 /* Pods_ForestCloneTests.framework */ = {isa = PBXFileReference; explicitFileType = wrapper.framework; includeInIndex = 0; path = Pods_ForestCloneTests.framework; sourceTree = BUILT_PRODUCTS_DIR; };
		B1850711701BB53BBB305A79 /* Pods-ForestCloneTests.debug.xcconfig */ = {isa = PBXFileReference; includeInIndex = 1; lastKnownFileType = text.xcconfig; name = "Pods-ForestCloneTests.debug.xcconfig"; path = "Target Support Files/Pods-ForestCloneTests/Pods-ForestCloneTests.debug.xcconfig"; sourceTree = "<group>"; };
		E79CEFB2D34116831DB2A2D5 /* Pods_ForestClone.framework */ = {isa = PBXFileReference; explicitFileType = wrapper.framework; includeInIndex = 0; path = Pods_ForestClone.framework; sourceTree = BUILT_PRODUCTS_DIR; };
		FBD20BFB2DBD6E2882F64D36 /* Pods-ForestCloneTests.release.xcconfig */ = {isa = PBXFileReference; includeInIndex = 1; lastKnownFileType = text.xcconfig; name = "Pods-ForestCloneTests.release.xcconfig"; path = "Target Support Files/Pods-ForestCloneTests/Pods-ForestCloneTests.release.xcconfig"; sourceTree = "<group>"; };
/* End PBXFileReference section */

/* Begin PBXFrameworksBuildPhase section */
		2D2261CF249B6D5500DCDB5D /* Frameworks */ = {
			isa = PBXFrameworksBuildPhase;
			buildActionMask = 2147483647;
			files = (
				50667A3D345E62B16C36C7B2 /* Pods_ForestClone.framework in Frameworks */,
			);
			runOnlyForDeploymentPostprocessing = 0;
		};
		2D2261E5249B6D5A00DCDB5D /* Frameworks */ = {
			isa = PBXFrameworksBuildPhase;
			buildActionMask = 2147483647;
			files = (
				1874F5AA2A91FC97831E3DE5 /* Pods_ForestCloneTests.framework in Frameworks */,
			);
			runOnlyForDeploymentPostprocessing = 0;
		};
/* End PBXFrameworksBuildPhase section */

/* Begin PBXGroup section */
		2D049D2824A40A2000E8F1B8 /* Storage */ = {
			isa = PBXGroup;
			children = (
				2D049D2924A40B9300E8F1B8 /* FirebaseFocusSessionStorage.swift */,
				2D049D2E24A4F7FC00E8F1B8 /* GenericFirebaseStorage.swift */,
			);
			path = Storage;
			sourceTree = "<group>";
		};
		2D049D2B24A4F5F400E8F1B8 /* Protocols */ = {
			isa = PBXGroup;
			children = (
				2D049D2C24A4F62000E8F1B8 /* NetworkingRequestable.swift */,
			);
			path = Protocols;
			sourceTree = "<group>";
		};
		2D22205924A65D000069100C /* Charts */ = {
			isa = PBXGroup;
			children = (
				2D22205724A65C6C0069100C /* ChartView.swift */,
				2D22205A24A65D0C0069100C /* PieChartView.swift */,
			);
			path = Charts;
			sourceTree = "<group>";
		};
		2D22205E24A67F8A0069100C /* Charts */ = {
			isa = PBXGroup;
			children = (
				2D22205F24A67F960069100C /* BalloonMarker.swift */,
			);
			path = Charts;
			sourceTree = "<group>";
		};
		2D22206424A6820A0069100C /* CustomChartViews */ = {
			isa = PBXGroup;
			children = (
				2D22206124A681E40069100C /* XYMarkerView.swift */,
			);
			path = CustomChartViews;
			sourceTree = "<group>";
		};
		2D2261C9249B6D5500DCDB5D = {
			isa = PBXGroup;
			children = (
				2D2261D4249B6D5500DCDB5D /* ForestClone */,
				2D2261EB249B6D5A00DCDB5D /* ForestCloneTests */,
				2D2261D3249B6D5500DCDB5D /* Products */,
				B5270B8E76E284BE9886F26E /* Pods */,
				89AD0C2670930E0E104315C1 /* Frameworks */,
			);
			sourceTree = "<group>";
		};
		2D2261D3249B6D5500DCDB5D /* Products */ = {
			isa = PBXGroup;
			children = (
				2D2261D2249B6D5500DCDB5D /* ForestClone.app */,
				2D2261E8249B6D5A00DCDB5D /* ForestCloneTests.xctest */,
			);
			name = Products;
			sourceTree = "<group>";
		};
		2D2261D4249B6D5500DCDB5D /* ForestClone */ = {
			isa = PBXGroup;
			children = (
				2D22205E24A67F8A0069100C /* Charts */,
				2D049D2B24A4F5F400E8F1B8 /* Protocols */,
				2D049D2824A40A2000E8F1B8 /* Storage */,
				2D3DD327249B9E1F00383F23 /* Model */,
				2D3DD336249BC91D00383F23 /* View */,
				2D3DD337249BD01000383F23 /* Controller */,
				2D2261D5249B6D5500DCDB5D /* AppDelegate.swift */,
				2D2261D7249B6D5500DCDB5D /* SceneDelegate.swift */,
				2D2261DB249B6D5500DCDB5D /* Main.storyboard */,
				2D2261DE249B6D5A00DCDB5D /* Assets.xcassets */,
				2D2261E0249B6D5A00DCDB5D /* LaunchScreen.storyboard */,
				2D2261E3249B6D5A00DCDB5D /* Info.plist */,
				2D3DD33C249BD29500383F23 /* achievements.json */,
				2D049D2624A404B100E8F1B8 /* GoogleService-Info.plist */,
				2D91B371249CD56600215756 /* treeSpecies.json */,
			);
			path = ForestClone;
			sourceTree = "<group>";
		};
		2D2261EB249B6D5A00DCDB5D /* ForestCloneTests */ = {
			isa = PBXGroup;
			children = (
				2D2261EC249B6D5A00DCDB5D /* ForestCloneTests.swift */,
				2D2261EE249B6D5A00DCDB5D /* Info.plist */,
			);
			path = ForestCloneTests;
			sourceTree = "<group>";
		};
		2D3DD327249B9E1F00383F23 /* Model */ = {
			isa = PBXGroup;
			children = (
				2D3DD33A249BD0C900383F23 /* Achievements.swift */,
				2D3DD32E249BBA4F00383F23 /* Coin.swift */,
				2D3DD330249BBBE600383F23 /* ColorScheme.swift */,
				2D3DD328249B9E3200383F23 /* FocusSession.swift */,
				2D91B36D249CCC7200215756 /* ForestAlert.swift */,
				2D91B369249C0D1500215756 /* MenuItem.swift */,
				2D3DD332249BC27200383F23 /* NotificationScheduler.swift */,
				2D3DD32A249B9E6B00383F23 /* Phrases.swift */,
				2D91B36F249CCE9F00215756 /* TreeSpecimen.swift */,
				2DBC883324A6388F00D8DE12 /* TreeSpecimentManager.swift */,
				2D3DD32C249BBA3800383F23 /* User.swift */,
				2DBC883024A625AE00D8DE12 /* AppSession */,
			);
			path = Model;
			sourceTree = "<group>";
		};
		2D3DD336249BC91D00383F23 /* View */ = {
			isa = PBXGroup;
			children = (
				2D22206424A6820A0069100C /* CustomChartViews */,
				2D3DD33E249BD5C600383F23 /* AchievementTableViewCell.swift */,
				2D3DD334249BC91600383F23 /* RoundedView.swift */,
				2D91B36B249C0EE200215756 /* MenuCellTableViewCell.swift */,
				2D22205924A65D000069100C /* Charts */,
				2D22206524A6896F0069100C /* BarChartCell.swift */,
			);
			path = View;
			sourceTree = "<group>";
		};
		2D3DD337249BD01000383F23 /* Controller */ = {
			isa = PBXGroup;
			children = (
				2DBC883524A63D3E00D8DE12 /* Home */,
				2D38CF7E24A0E02300737F79 /* ViewController.swift */,
				2D3DD338249BD03D00383F23 /* AchievementsTableViewController.swift */,
				2D91B367249C0C7800215756 /* MenuTableViewController.swift */,
				2D22205C24A65E3F0069100C /* ForestViewController.swift */,
			);
			path = Controller;
			sourceTree = "<group>";
		};
		2DBC883024A625AE00D8DE12 /* AppSession */ = {
			isa = PBXGroup;
			children = (
				2DBC883124A625BD00D8DE12 /* AppSession.swift */,
			);
			path = AppSession;
			sourceTree = "<group>";
		};
		2DBC883524A63D3E00D8DE12 /* Home */ = {
			isa = PBXGroup;
			children = (
				2DBC883624A63D4C00D8DE12 /* Extensions */,
				2D2261D9249B6D5500DCDB5D /* HomeViewController.swift */,
			);
			path = Home;
			sourceTree = "<group>";
		};
		2DBC883624A63D4C00D8DE12 /* Extensions */ = {
			isa = PBXGroup;
			children = (
				2DBC883724A63D5D00D8DE12 /* Home+Extension+Slider.swift */,
				2DBC883924A63E5E00D8DE12 /* Home+Extension+Database.swift */,
			);
			path = Extensions;
			sourceTree = "<group>";
		};
		89AD0C2670930E0E104315C1 /* Frameworks */ = {
			isa = PBXGroup;
			children = (
				E79CEFB2D34116831DB2A2D5 /* Pods_ForestClone.framework */,
				B03DAC2CBEC4C89EE6B79677 /* Pods_ForestCloneTests.framework */,
			);
			name = Frameworks;
			sourceTree = "<group>";
		};
		B5270B8E76E284BE9886F26E /* Pods */ = {
			isa = PBXGroup;
			children = (
				A3DA34ED50EAC465CAB8CB1F /* Pods-ForestClone.debug.xcconfig */,
				314E19A91BADC8A6D9B9FC92 /* Pods-ForestClone.release.xcconfig */,
				B1850711701BB53BBB305A79 /* Pods-ForestCloneTests.debug.xcconfig */,
				FBD20BFB2DBD6E2882F64D36 /* Pods-ForestCloneTests.release.xcconfig */,
			);
			path = Pods;
			sourceTree = "<group>";
		};
/* End PBXGroup section */

/* Begin PBXNativeTarget section */
		2D2261D1249B6D5500DCDB5D /* ForestClone */ = {
			isa = PBXNativeTarget;
			buildConfigurationList = 2D2261F1249B6D5A00DCDB5D /* Build configuration list for PBXNativeTarget "ForestClone" */;
			buildPhases = (
				5DA14795420D2F92481CDC4E /* [CP] Check Pods Manifest.lock */,
				2D2261CE249B6D5500DCDB5D /* Sources */,
				2D2261CF249B6D5500DCDB5D /* Frameworks */,
				2D2261D0249B6D5500DCDB5D /* Resources */,
				60F059B2CA79475E3C01EA4B /* [CP] Embed Pods Frameworks */,
			);
			buildRules = (
			);
			dependencies = (
			);
			name = ForestClone;
			productName = ForestClone;
			productReference = 2D2261D2249B6D5500DCDB5D /* ForestClone.app */;
			productType = "com.apple.product-type.application";
		};
		2D2261E7249B6D5A00DCDB5D /* ForestCloneTests */ = {
			isa = PBXNativeTarget;
			buildConfigurationList = 2D2261F4249B6D5A00DCDB5D /* Build configuration list for PBXNativeTarget "ForestCloneTests" */;
			buildPhases = (
				4C73CFD1BB0C57F9A0562402 /* [CP] Check Pods Manifest.lock */,
				2D2261E4249B6D5A00DCDB5D /* Sources */,
				2D2261E5249B6D5A00DCDB5D /* Frameworks */,
				2D2261E6249B6D5A00DCDB5D /* Resources */,
			);
			buildRules = (
			);
			dependencies = (
				2D2261EA249B6D5A00DCDB5D /* PBXTargetDependency */,
			);
			name = ForestCloneTests;
			productName = ForestCloneTests;
			productReference = 2D2261E8249B6D5A00DCDB5D /* ForestCloneTests.xctest */;
			productType = "com.apple.product-type.bundle.unit-test";
		};
/* End PBXNativeTarget section */

/* Begin PBXProject section */
		2D2261CA249B6D5500DCDB5D /* Project object */ = {
			isa = PBXProject;
			attributes = {
				LastSwiftUpdateCheck = 1150;
				LastUpgradeCheck = 1150;
				ORGANIZATIONNAME = "Accent IT Services";
				TargetAttributes = {
					2D2261D1249B6D5500DCDB5D = {
						CreatedOnToolsVersion = 11.5;
					};
					2D2261E7249B6D5A00DCDB5D = {
						CreatedOnToolsVersion = 11.5;
						TestTargetID = 2D2261D1249B6D5500DCDB5D;
					};
				};
			};
			buildConfigurationList = 2D2261CD249B6D5500DCDB5D /* Build configuration list for PBXProject "ForestClone" */;
			compatibilityVersion = "Xcode 9.3";
			developmentRegion = en;
			hasScannedForEncodings = 0;
			knownRegions = (
				en,
				Base,
			);
			mainGroup = 2D2261C9249B6D5500DCDB5D;
			productRefGroup = 2D2261D3249B6D5500DCDB5D /* Products */;
			projectDirPath = "";
			projectRoot = "";
			targets = (
				2D2261D1249B6D5500DCDB5D /* ForestClone */,
				2D2261E7249B6D5A00DCDB5D /* ForestCloneTests */,
			);
		};
/* End PBXProject section */

/* Begin PBXResourcesBuildPhase section */
		2D2261D0249B6D5500DCDB5D /* Resources */ = {
			isa = PBXResourcesBuildPhase;
			buildActionMask = 2147483647;
			files = (
				2D2261E2249B6D5A00DCDB5D /* LaunchScreen.storyboard in Resources */,
				2D91B372249CD56600215756 /* treeSpecies.json in Resources */,
				2D3DD33D249BD29500383F23 /* achievements.json in Resources */,
				2D2261DF249B6D5A00DCDB5D /* Assets.xcassets in Resources */,
				2D2261DD249B6D5500DCDB5D /* Main.storyboard in Resources */,
				2D049D2724A404B200E8F1B8 /* GoogleService-Info.plist in Resources */,
			);
			runOnlyForDeploymentPostprocessing = 0;
		};
		2D2261E6249B6D5A00DCDB5D /* Resources */ = {
			isa = PBXResourcesBuildPhase;
			buildActionMask = 2147483647;
			files = (
			);
			runOnlyForDeploymentPostprocessing = 0;
		};
/* End PBXResourcesBuildPhase section */

/* Begin PBXShellScriptBuildPhase section */
		4C73CFD1BB0C57F9A0562402 /* [CP] Check Pods Manifest.lock */ = {
			isa = PBXShellScriptBuildPhase;
			buildActionMask = 2147483647;
			files = (
			);
			inputFileListPaths = (
			);
			inputPaths = (
				"${PODS_PODFILE_DIR_PATH}/Podfile.lock",
				"${PODS_ROOT}/Manifest.lock",
			);
			name = "[CP] Check Pods Manifest.lock";
			outputFileListPaths = (
			);
			outputPaths = (
				"$(DERIVED_FILE_DIR)/Pods-ForestCloneTests-checkManifestLockResult.txt",
			);
			runOnlyForDeploymentPostprocessing = 0;
			shellPath = /bin/sh;
			shellScript = "diff \"${PODS_PODFILE_DIR_PATH}/Podfile.lock\" \"${PODS_ROOT}/Manifest.lock\" > /dev/null\nif [ $? != 0 ] ; then\n    # print error to STDERR\n    echo \"error: The sandbox is not in sync with the Podfile.lock. Run 'pod install' or update your CocoaPods installation.\" >&2\n    exit 1\nfi\n# This output is used by Xcode 'outputs' to avoid re-running this script phase.\necho \"SUCCESS\" > \"${SCRIPT_OUTPUT_FILE_0}\"\n";
			showEnvVarsInLog = 0;
		};
		5DA14795420D2F92481CDC4E /* [CP] Check Pods Manifest.lock */ = {
			isa = PBXShellScriptBuildPhase;
			buildActionMask = 2147483647;
			files = (
			);
			inputFileListPaths = (
			);
			inputPaths = (
				"${PODS_PODFILE_DIR_PATH}/Podfile.lock",
				"${PODS_ROOT}/Manifest.lock",
			);
			name = "[CP] Check Pods Manifest.lock";
			outputFileListPaths = (
			);
			outputPaths = (
				"$(DERIVED_FILE_DIR)/Pods-ForestClone-checkManifestLockResult.txt",
			);
			runOnlyForDeploymentPostprocessing = 0;
			shellPath = /bin/sh;
			shellScript = "diff \"${PODS_PODFILE_DIR_PATH}/Podfile.lock\" \"${PODS_ROOT}/Manifest.lock\" > /dev/null\nif [ $? != 0 ] ; then\n    # print error to STDERR\n    echo \"error: The sandbox is not in sync with the Podfile.lock. Run 'pod install' or update your CocoaPods installation.\" >&2\n    exit 1\nfi\n# This output is used by Xcode 'outputs' to avoid re-running this script phase.\necho \"SUCCESS\" > \"${SCRIPT_OUTPUT_FILE_0}\"\n";
			showEnvVarsInLog = 0;
		};
		60F059B2CA79475E3C01EA4B /* [CP] Embed Pods Frameworks */ = {
			isa = PBXShellScriptBuildPhase;
			buildActionMask = 2147483647;
			files = (
			);
			inputFileListPaths = (
				"${PODS_ROOT}/Target Support Files/Pods-ForestClone/Pods-ForestClone-frameworks-${CONFIGURATION}-input-files.xcfilelist",
			);
			name = "[CP] Embed Pods Frameworks";
			outputFileListPaths = (
				"${PODS_ROOT}/Target Support Files/Pods-ForestClone/Pods-ForestClone-frameworks-${CONFIGURATION}-output-files.xcfilelist",
			);
			runOnlyForDeploymentPostprocessing = 0;
			shellPath = /bin/sh;
			shellScript = "\"${PODS_ROOT}/Target Support Files/Pods-ForestClone/Pods-ForestClone-frameworks.sh\"\n";
			showEnvVarsInLog = 0;
		};
/* End PBXShellScriptBuildPhase section */

/* Begin PBXSourcesBuildPhase section */
		2D2261CE249B6D5500DCDB5D /* Sources */ = {
			isa = PBXSourcesBuildPhase;
			buildActionMask = 2147483647;
			files = (
				2D22205B24A65D0C0069100C /* PieChartView.swift in Sources */,
				2D22206224A681E40069100C /* XYMarkerView.swift in Sources */,
				2DBC883424A6388F00D8DE12 /* TreeSpecimentManager.swift in Sources */,
				2D3DD331249BBBE600383F23 /* ColorScheme.swift in Sources */,
				2D38CF7F24A0E02300737F79 /* ViewController.swift in Sources */,
				2DBC883A24A63E5E00D8DE12 /* Home+Extension+Database.swift in Sources */,
				2D3DD33B249BD0C900383F23 /* Achievements.swift in Sources */,
				2D2261DA249B6D5500DCDB5D /* HomeViewController.swift in Sources */,
				2D3DD33F249BD5C600383F23 /* AchievementTableViewCell.swift in Sources */,
				2D3DD329249B9E3200383F23 /* FocusSession.swift in Sources */,
				2D22206024A67F960069100C /* BalloonMarker.swift in Sources */,
				2DBC883224A625BD00D8DE12 /* AppSession.swift in Sources */,
				2D91B370249CCE9F00215756 /* TreeSpecimen.swift in Sources */,
				2D3DD32D249BBA3800383F23 /* User.swift in Sources */,
				2D3DD333249BC27200383F23 /* NotificationScheduler.swift in Sources */,
				2D049D2F24A4F7FC00E8F1B8 /* GenericFirebaseStorage.swift in Sources */,
				2D3DD32B249B9E6B00383F23 /* Phrases.swift in Sources */,
				2D049D2A24A40B9300E8F1B8 /* FirebaseFocusSessionStorage.swift in Sources */,
				2DBC883824A63D5D00D8DE12 /* Home+Extension+Slider.swift in Sources */,
				2D91B368249C0C7800215756 /* MenuTableViewController.swift in Sources */,
				2D22206624A6896F0069100C /* BarChartCell.swift in Sources */,
				2D91B36A249C0D1500215756 /* MenuItem.swift in Sources */,
				2D2261D6249B6D5500DCDB5D /* AppDelegate.swift in Sources */,
				2D91B36E249CCC7200215756 /* ForestAlert.swift in Sources */,
				2D2261D8249B6D5500DCDB5D /* SceneDelegate.swift in Sources */,
				2D3DD335249BC91600383F23 /* RoundedView.swift in Sources */,
				2D22205D24A65E3F0069100C /* ForestViewController.swift in Sources */,
				2D049D2D24A4F62000E8F1B8 /* NetworkingRequestable.swift in Sources */,
				2D22205824A65C6C0069100C /* ChartView.swift in Sources */,
				2D3DD32F249BBA4F00383F23 /* Coin.swift in Sources */,
				2D91B36C249C0EE200215756 /* MenuCellTableViewCell.swift in Sources */,
				2D3DD339249BD03D00383F23 /* AchievementsTableViewController.swift in Sources */,
			);
			runOnlyForDeploymentPostprocessing = 0;
		};
		2D2261E4249B6D5A00DCDB5D /* Sources */ = {
			isa = PBXSourcesBuildPhase;
			buildActionMask = 2147483647;
			files = (
				2D2261ED249B6D5A00DCDB5D /* ForestCloneTests.swift in Sources */,
			);
			runOnlyForDeploymentPostprocessing = 0;
		};
/* End PBXSourcesBuildPhase section */

/* Begin PBXTargetDependency section */
		2D2261EA249B6D5A00DCDB5D /* PBXTargetDependency */ = {
			isa = PBXTargetDependency;
			target = 2D2261D1249B6D5500DCDB5D /* ForestClone */;
			targetProxy = 2D2261E9249B6D5A00DCDB5D /* PBXContainerItemProxy */;
		};
/* End PBXTargetDependency section */

/* Begin PBXVariantGroup section */
		2D2261DB249B6D5500DCDB5D /* Main.storyboard */ = {
			isa = PBXVariantGroup;
			children = (
				2D2261DC249B6D5500DCDB5D /* Base */,
			);
			name = Main.storyboard;
			sourceTree = "<group>";
		};
		2D2261E0249B6D5A00DCDB5D /* LaunchScreen.storyboard */ = {
			isa = PBXVariantGroup;
			children = (
				2D2261E1249B6D5A00DCDB5D /* Base */,
			);
			name = LaunchScreen.storyboard;
			sourceTree = "<group>";
		};
/* End PBXVariantGroup section */

/* Begin XCBuildConfiguration section */
		2D2261EF249B6D5A00DCDB5D /* Debug */ = {
			isa = XCBuildConfiguration;
			buildSettings = {
				ALWAYS_SEARCH_USER_PATHS = NO;
				CLANG_ANALYZER_NONNULL = YES;
				CLANG_ANALYZER_NUMBER_OBJECT_CONVERSION = YES_AGGRESSIVE;
				CLANG_CXX_LANGUAGE_STANDARD = "gnu++14";
				CLANG_CXX_LIBRARY = "libc++";
				CLANG_ENABLE_MODULES = YES;
				CLANG_ENABLE_OBJC_ARC = YES;
				CLANG_ENABLE_OBJC_WEAK = YES;
				CLANG_WARN_BLOCK_CAPTURE_AUTORELEASING = YES;
				CLANG_WARN_BOOL_CONVERSION = YES;
				CLANG_WARN_COMMA = YES;
				CLANG_WARN_CONSTANT_CONVERSION = YES;
				CLANG_WARN_DEPRECATED_OBJC_IMPLEMENTATIONS = YES;
				CLANG_WARN_DIRECT_OBJC_ISA_USAGE = YES_ERROR;
				CLANG_WARN_DOCUMENTATION_COMMENTS = YES;
				CLANG_WARN_EMPTY_BODY = YES;
				CLANG_WARN_ENUM_CONVERSION = YES;
				CLANG_WARN_INFINITE_RECURSION = YES;
				CLANG_WARN_INT_CONVERSION = YES;
				CLANG_WARN_NON_LITERAL_NULL_CONVERSION = YES;
				CLANG_WARN_OBJC_IMPLICIT_RETAIN_SELF = YES;
				CLANG_WARN_OBJC_LITERAL_CONVERSION = YES;
				CLANG_WARN_OBJC_ROOT_CLASS = YES_ERROR;
				CLANG_WARN_RANGE_LOOP_ANALYSIS = YES;
				CLANG_WARN_STRICT_PROTOTYPES = YES;
				CLANG_WARN_SUSPICIOUS_MOVE = YES;
				CLANG_WARN_UNGUARDED_AVAILABILITY = YES_AGGRESSIVE;
				CLANG_WARN_UNREACHABLE_CODE = YES;
				CLANG_WARN__DUPLICATE_METHOD_MATCH = YES;
				COPY_PHASE_STRIP = NO;
				DEBUG_INFORMATION_FORMAT = dwarf;
				ENABLE_STRICT_OBJC_MSGSEND = YES;
				ENABLE_TESTABILITY = YES;
				GCC_C_LANGUAGE_STANDARD = gnu11;
				GCC_DYNAMIC_NO_PIC = NO;
				GCC_NO_COMMON_BLOCKS = YES;
				GCC_OPTIMIZATION_LEVEL = 0;
				GCC_PREPROCESSOR_DEFINITIONS = (
					"DEBUG=1",
					"$(inherited)",
				);
				GCC_WARN_64_TO_32_BIT_CONVERSION = YES;
				GCC_WARN_ABOUT_RETURN_TYPE = YES_ERROR;
				GCC_WARN_UNDECLARED_SELECTOR = YES;
				GCC_WARN_UNINITIALIZED_AUTOS = YES_AGGRESSIVE;
				GCC_WARN_UNUSED_FUNCTION = YES;
				GCC_WARN_UNUSED_VARIABLE = YES;
				IPHONEOS_DEPLOYMENT_TARGET = 13.5;
				MTL_ENABLE_DEBUG_INFO = INCLUDE_SOURCE;
				MTL_FAST_MATH = YES;
				ONLY_ACTIVE_ARCH = YES;
				SDKROOT = iphoneos;
				SWIFT_ACTIVE_COMPILATION_CONDITIONS = DEBUG;
				SWIFT_OPTIMIZATION_LEVEL = "-Onone";
			};
			name = Debug;
		};
		2D2261F0249B6D5A00DCDB5D /* Release */ = {
			isa = XCBuildConfiguration;
			buildSettings = {
				ALWAYS_SEARCH_USER_PATHS = NO;
				CLANG_ANALYZER_NONNULL = YES;
				CLANG_ANALYZER_NUMBER_OBJECT_CONVERSION = YES_AGGRESSIVE;
				CLANG_CXX_LANGUAGE_STANDARD = "gnu++14";
				CLANG_CXX_LIBRARY = "libc++";
				CLANG_ENABLE_MODULES = YES;
				CLANG_ENABLE_OBJC_ARC = YES;
				CLANG_ENABLE_OBJC_WEAK = YES;
				CLANG_WARN_BLOCK_CAPTURE_AUTORELEASING = YES;
				CLANG_WARN_BOOL_CONVERSION = YES;
				CLANG_WARN_COMMA = YES;
				CLANG_WARN_CONSTANT_CONVERSION = YES;
				CLANG_WARN_DEPRECATED_OBJC_IMPLEMENTATIONS = YES;
				CLANG_WARN_DIRECT_OBJC_ISA_USAGE = YES_ERROR;
				CLANG_WARN_DOCUMENTATION_COMMENTS = YES;
				CLANG_WARN_EMPTY_BODY = YES;
				CLANG_WARN_ENUM_CONVERSION = YES;
				CLANG_WARN_INFINITE_RECURSION = YES;
				CLANG_WARN_INT_CONVERSION = YES;
				CLANG_WARN_NON_LITERAL_NULL_CONVERSION = YES;
				CLANG_WARN_OBJC_IMPLICIT_RETAIN_SELF = YES;
				CLANG_WARN_OBJC_LITERAL_CONVERSION = YES;
				CLANG_WARN_OBJC_ROOT_CLASS = YES_ERROR;
				CLANG_WARN_RANGE_LOOP_ANALYSIS = YES;
				CLANG_WARN_STRICT_PROTOTYPES = YES;
				CLANG_WARN_SUSPICIOUS_MOVE = YES;
				CLANG_WARN_UNGUARDED_AVAILABILITY = YES_AGGRESSIVE;
				CLANG_WARN_UNREACHABLE_CODE = YES;
				CLANG_WARN__DUPLICATE_METHOD_MATCH = YES;
				COPY_PHASE_STRIP = NO;
				DEBUG_INFORMATION_FORMAT = "dwarf-with-dsym";
				ENABLE_NS_ASSERTIONS = NO;
				ENABLE_STRICT_OBJC_MSGSEND = YES;
				GCC_C_LANGUAGE_STANDARD = gnu11;
				GCC_NO_COMMON_BLOCKS = YES;
				GCC_WARN_64_TO_32_BIT_CONVERSION = YES;
				GCC_WARN_ABOUT_RETURN_TYPE = YES_ERROR;
				GCC_WARN_UNDECLARED_SELECTOR = YES;
				GCC_WARN_UNINITIALIZED_AUTOS = YES_AGGRESSIVE;
				GCC_WARN_UNUSED_FUNCTION = YES;
				GCC_WARN_UNUSED_VARIABLE = YES;
				IPHONEOS_DEPLOYMENT_TARGET = 13.5;
				MTL_ENABLE_DEBUG_INFO = NO;
				MTL_FAST_MATH = YES;
				SDKROOT = iphoneos;
				SWIFT_COMPILATION_MODE = wholemodule;
				SWIFT_OPTIMIZATION_LEVEL = "-O";
				VALIDATE_PRODUCT = YES;
			};
			name = Release;
		};
		2D2261F2249B6D5A00DCDB5D /* Debug */ = {
			isa = XCBuildConfiguration;
			baseConfigurationReference = A3DA34ED50EAC465CAB8CB1F /* Pods-ForestClone.debug.xcconfig */;
			buildSettings = {
				ASSETCATALOG_COMPILER_APPICON_NAME = AppIcon;
				CODE_SIGN_STYLE = Automatic;
				DEVELOPMENT_TEAM = 7FFBU6H3CE;
				INFOPLIST_FILE = ForestClone/Info.plist;
				LD_RUNPATH_SEARCH_PATHS = (
					"$(inherited)",
					"@executable_path/Frameworks",
				);
				PRODUCT_BUNDLE_IDENTIFIER = com.christianleovido.ForestClone;
				PRODUCT_NAME = "$(TARGET_NAME)";
				SWIFT_VERSION = 5.0;
				TARGETED_DEVICE_FAMILY = "1,2";
			};
			name = Debug;
		};
		2D2261F3249B6D5A00DCDB5D /* Release */ = {
			isa = XCBuildConfiguration;
			baseConfigurationReference = 314E19A91BADC8A6D9B9FC92 /* Pods-ForestClone.release.xcconfig */;
			buildSettings = {
				ASSETCATALOG_COMPILER_APPICON_NAME = AppIcon;
				CODE_SIGN_STYLE = Automatic;
				DEVELOPMENT_TEAM = 7FFBU6H3CE;
				INFOPLIST_FILE = ForestClone/Info.plist;
				LD_RUNPATH_SEARCH_PATHS = (
					"$(inherited)",
					"@executable_path/Frameworks",
				);
				PRODUCT_BUNDLE_IDENTIFIER = com.christianleovido.ForestClone;
				PRODUCT_NAME = "$(TARGET_NAME)";
				SWIFT_VERSION = 5.0;
				TARGETED_DEVICE_FAMILY = "1,2";
			};
			name = Release;
		};
		2D2261F5249B6D5A00DCDB5D /* Debug */ = {
			isa = XCBuildConfiguration;
			baseConfigurationReference = B1850711701BB53BBB305A79 /* Pods-ForestCloneTests.debug.xcconfig */;
			buildSettings = {
				ALWAYS_EMBED_SWIFT_STANDARD_LIBRARIES = YES;
				BUNDLE_LOADER = "$(TEST_HOST)";
				CODE_SIGN_STYLE = Automatic;
				DEVELOPMENT_TEAM = 7FFBU6H3CE;
				INFOPLIST_FILE = ForestCloneTests/Info.plist;
				IPHONEOS_DEPLOYMENT_TARGET = 13.5;
				LD_RUNPATH_SEARCH_PATHS = (
					"$(inherited)",
					"@executable_path/Frameworks",
					"@loader_path/Frameworks",
				);
				PRODUCT_BUNDLE_IDENTIFIER = accentitservices.ForestCloneTests;
				PRODUCT_NAME = "$(TARGET_NAME)";
				SWIFT_VERSION = 5.0;
				TARGETED_DEVICE_FAMILY = "1,2";
				TEST_HOST = "$(BUILT_PRODUCTS_DIR)/ForestClone.app/ForestClone";
			};
			name = Debug;
		};
		2D2261F6249B6D5A00DCDB5D /* Release */ = {
			isa = XCBuildConfiguration;
			baseConfigurationReference = FBD20BFB2DBD6E2882F64D36 /* Pods-ForestCloneTests.release.xcconfig */;
			buildSettings = {
				ALWAYS_EMBED_SWIFT_STANDARD_LIBRARIES = YES;
				BUNDLE_LOADER = "$(TEST_HOST)";
				CODE_SIGN_STYLE = Automatic;
				DEVELOPMENT_TEAM = 7FFBU6H3CE;
				INFOPLIST_FILE = ForestCloneTests/Info.plist;
				IPHONEOS_DEPLOYMENT_TARGET = 13.5;
				LD_RUNPATH_SEARCH_PATHS = (
					"$(inherited)",
					"@executable_path/Frameworks",
					"@loader_path/Frameworks",
				);
				PRODUCT_BUNDLE_IDENTIFIER = accentitservices.ForestCloneTests;
				PRODUCT_NAME = "$(TARGET_NAME)";
				SWIFT_VERSION = 5.0;
				TARGETED_DEVICE_FAMILY = "1,2";
				TEST_HOST = "$(BUILT_PRODUCTS_DIR)/ForestClone.app/ForestClone";
			};
			name = Release;
		};
/* End XCBuildConfiguration section */

/* Begin XCConfigurationList section */
		2D2261CD249B6D5500DCDB5D /* Build configuration list for PBXProject "ForestClone" */ = {
			isa = XCConfigurationList;
			buildConfigurations = (
				2D2261EF249B6D5A00DCDB5D /* Debug */,
				2D2261F0249B6D5A00DCDB5D /* Release */,
			);
			defaultConfigurationIsVisible = 0;
			defaultConfigurationName = Release;
		};
		2D2261F1249B6D5A00DCDB5D /* Build configuration list for PBXNativeTarget "ForestClone" */ = {
			isa = XCConfigurationList;
			buildConfigurations = (
				2D2261F2249B6D5A00DCDB5D /* Debug */,
				2D2261F3249B6D5A00DCDB5D /* Release */,
			);
			defaultConfigurationIsVisible = 0;
			defaultConfigurationName = Release;
		};
		2D2261F4249B6D5A00DCDB5D /* Build configuration list for PBXNativeTarget "ForestCloneTests" */ = {
			isa = XCConfigurationList;
			buildConfigurations = (
				2D2261F5249B6D5A00DCDB5D /* Debug */,
				2D2261F6249B6D5A00DCDB5D /* Release */,
			);
			defaultConfigurationIsVisible = 0;
			defaultConfigurationName = Release;
		};
/* End XCConfigurationList section */
	};
	rootObject = 2D2261CA249B6D5500DCDB5D /* Project object */;
}
